
Microsoft Visual Studio Solution File, Format Version 12.00
# Visual Studio Version 17
VisualStudioVersion = 17.7.34202.233
MinimumVisualStudioVersion = 10.0.40219.1
Project("{9A19103F-16F7-4668-BE54-9A1E7A4F7556}") = "Visus.DeploymentToolkit.Test", "Visus.DeploymentToolkit.Test\Visus.DeploymentToolkit.Test.csproj", "{07924244-154B-4E7D-B734-94921CB0BFCE}"
EndProject
Project("{9A19103F-16F7-4668-BE54-9A1E7A4F7556}") = "Visus.DeploymentToolkit.Agent", "Visus.DeploymentToolkit.Agent\Visus.DeploymentToolkit.Agent.csproj", "{6C8DC23C-72FB-4FD7-B07C-C10C271261F6}"
EndProject
Project("{9A19103F-16F7-4668-BE54-9A1E7A4F7556}") = "Visus.DeploymentToolkit", "Visus.DeploymentToolkit\Visus.DeploymentToolkit.csproj", "{F9A96925-B420-40E3-938A-51CBE8C19DF9}"
EndProject
Project("{9A19103F-16F7-4668-BE54-9A1E7A4F7556}") = "Visus.DeploymentToolkit.Vds", "Visus.DeploymentToolkit.Vds\Visus.DeploymentToolkit.Vds.csproj", "{E7C5CACD-CF2D-48AC-AEBB-6BF29F32D9E4}"
EndProject
Project("{9A19103F-16F7-4668-BE54-9A1E7A4F7556}") = "Visus.DeploymentToolkit.Contracts", "Visus.DeploymentToolkit.Contracts\Visus.DeploymentToolkit.Contracts.csproj", "{BA417FB4-12E0-43E5-BBCF-B48BE59204EB}"
EndProject
Project("{2150E333-8FDC-42A3-9474-1A3956D46DE8}") = "Solution Items", "Solution Items", "{E01A557A-68CF-46CB-9179-7EE7D1953425}"
	ProjectSection(SolutionItems) = preProject
		LICENCE = LICENCE
		README.md = README.md
	EndProjectSection
EndProject
Project("{9A19103F-16F7-4668-BE54-9A1E7A4F7556}") = "Visus.DeploymentToolkit.Bootstrapping", "Visus.DeploymentToolkit.Bootstrapping\Visus.DeploymentToolkit.Bootstrapping.csproj", "{A11C759E-5C07-4F65-BB19-DC212C562196}"
EndProject
Project("{9A19103F-16F7-4668-BE54-9A1E7A4F7556}") = "Visus.DeploymentToolkit.Bootstrapper", "Visus.DeploymentToolkit.Bootstrapper\Visus.DeploymentToolkit.Bootstrapper.csproj", "{CDCEE6F5-F865-456E-B8C3-F17AE5093A50}"
EndProject
Project("{FAE04EC0-301F-11D3-BF4B-00C04F79EFBC}") = "Visus.DeploymentToolkit.Security", "Visus.DeploymentToolkit.Security\Visus.DeploymentToolkit.Security.csproj", "{948354D6-3632-4B37-BAC4-31CA12B7037E}"
EndProject
Project("{FAE04EC0-301F-11D3-BF4B-00C04F79EFBC}") = "Visus.DeploymentToolkit.ImageBuilder", "Visus.DeploymentToolkit.ImageBuilder\Visus.DeploymentToolkit.ImageBuilder.csproj", "{1F358D72-803C-4C78-A082-6210C63206FD}"
EndProject
Project("{FAE04EC0-301F-11D3-BF4B-00C04F79EFBC}") = "Visus.DeploymentToolkit.TaskRunner", "Visus.DeploymentToolkit.TaskRunner\Visus.DeploymentToolkit.TaskRunner.csproj", "{A8998A17-5655-44A7-A2F6-1C9FF4204379}"
EndProject
Project("{FAE04EC0-301F-11D3-BF4B-00C04F79EFBC}") = "Visus.DeploymentToolkit.Bcd", "Visus.DeploymentToolkit.Bcd\Visus.DeploymentToolkit.Bcd.csproj", "{479A0F4E-79BB-4362-8923-11F02344C758}"
EndProject
Project("{FAE04EC0-301F-11D3-BF4B-00C04F79EFBC}") = "Visus.DeploymentToolkit.TaskSequenceList", "Visus.DeploymentToolkit.TaskSequenceList\Visus.DeploymentToolkit.TaskSequenceList.csproj", "{BF363E18-D703-435C-A37F-9A0EA7F071F2}"
EndProject
Global
	GlobalSection(SolutionConfigurationPlatforms) = preSolution
		Debug|Any CPU = Debug|Any CPU
		Release|Any CPU = Release|Any CPU
	EndGlobalSection
	GlobalSection(ProjectConfigurationPlatforms) = postSolution
		{07924244-154B-4E7D-B734-94921CB0BFCE}.Debug|Any CPU.ActiveCfg = Debug|Any CPU
		{07924244-154B-4E7D-B734-94921CB0BFCE}.Debug|Any CPU.Build.0 = Debug|Any CPU
		{07924244-154B-4E7D-B734-94921CB0BFCE}.Release|Any CPU.ActiveCfg = Release|Any CPU
		{07924244-154B-4E7D-B734-94921CB0BFCE}.Release|Any CPU.Build.0 = Release|Any CPU
		{6C8DC23C-72FB-4FD7-B07C-C10C271261F6}.Debug|Any CPU.ActiveCfg = Debug|Any CPU
		{6C8DC23C-72FB-4FD7-B07C-C10C271261F6}.Debug|Any CPU.Build.0 = Debug|Any CPU
		{6C8DC23C-72FB-4FD7-B07C-C10C271261F6}.Release|Any CPU.ActiveCfg = Release|Any CPU
		{6C8DC23C-72FB-4FD7-B07C-C10C271261F6}.Release|Any CPU.Build.0 = Release|Any CPU
		{F9A96925-B420-40E3-938A-51CBE8C19DF9}.Debug|Any CPU.ActiveCfg = Debug|Any CPU
		{F9A96925-B420-40E3-938A-51CBE8C19DF9}.Debug|Any CPU.Build.0 = Debug|Any CPU
		{F9A96925-B420-40E3-938A-51CBE8C19DF9}.Release|Any CPU.ActiveCfg = Release|Any CPU
		{F9A96925-B420-40E3-938A-51CBE8C19DF9}.Release|Any CPU.Build.0 = Release|Any CPU
		{E7C5CACD-CF2D-48AC-AEBB-6BF29F32D9E4}.Debug|Any CPU.ActiveCfg = Debug|Any CPU
		{E7C5CACD-CF2D-48AC-AEBB-6BF29F32D9E4}.Debug|Any CPU.Build.0 = Debug|Any CPU
		{E7C5CACD-CF2D-48AC-AEBB-6BF29F32D9E4}.Release|Any CPU.ActiveCfg = Release|Any CPU
		{E7C5CACD-CF2D-48AC-AEBB-6BF29F32D9E4}.Release|Any CPU.Build.0 = Release|Any CPU
		{BA417FB4-12E0-43E5-BBCF-B48BE59204EB}.Debug|Any CPU.ActiveCfg = Debug|Any CPU
		{BA417FB4-12E0-43E5-BBCF-B48BE59204EB}.Debug|Any CPU.Build.0 = Debug|Any CPU
		{BA417FB4-12E0-43E5-BBCF-B48BE59204EB}.Release|Any CPU.ActiveCfg = Release|Any CPU
		{BA417FB4-12E0-43E5-BBCF-B48BE59204EB}.Release|Any CPU.Build.0 = Release|Any CPU
		{A11C759E-5C07-4F65-BB19-DC212C562196}.Debug|Any CPU.ActiveCfg = Debug|Any CPU
		{A11C759E-5C07-4F65-BB19-DC212C562196}.Debug|Any CPU.Build.0 = Debug|Any CPU
		{A11C759E-5C07-4F65-BB19-DC212C562196}.Release|Any CPU.ActiveCfg = Release|Any CPU
		{A11C759E-5C07-4F65-BB19-DC212C562196}.Release|Any CPU.Build.0 = Release|Any CPU
		{CDCEE6F5-F865-456E-B8C3-F17AE5093A50}.Debug|Any CPU.ActiveCfg = Debug|Any CPU
		{CDCEE6F5-F865-456E-B8C3-F17AE5093A50}.Debug|Any CPU.Build.0 = Debug|Any CPU
		{CDCEE6F5-F865-456E-B8C3-F17AE5093A50}.Release|Any CPU.ActiveCfg = Release|Any CPU
		{CDCEE6F5-F865-456E-B8C3-F17AE5093A50}.Release|Any CPU.Build.0 = Release|Any CPU
		{948354D6-3632-4B37-BAC4-31CA12B7037E}.Debug|Any CPU.ActiveCfg = Debug|Any CPU
		{948354D6-3632-4B37-BAC4-31CA12B7037E}.Debug|Any CPU.Build.0 = Debug|Any CPU
		{948354D6-3632-4B37-BAC4-31CA12B7037E}.Release|Any CPU.ActiveCfg = Release|Any CPU
		{948354D6-3632-4B37-BAC4-31CA12B7037E}.Release|Any CPU.Build.0 = Release|Any CPU
		{1F358D72-803C-4C78-A082-6210C63206FD}.Debug|Any CPU.ActiveCfg = Debug|Any CPU
		{1F358D72-803C-4C78-A082-6210C63206FD}.Debug|Any CPU.Build.0 = Debug|Any CPU
		{1F358D72-803C-4C78-A082-6210C63206FD}.Release|Any CPU.ActiveCfg = Release|Any CPU
		{1F358D72-803C-4C78-A082-6210C63206FD}.Release|Any CPU.Build.0 = Release|Any CPU
		{A8998A17-5655-44A7-A2F6-1C9FF4204379}.Debug|Any CPU.ActiveCfg = Debug|Any CPU
		{A8998A17-5655-44A7-A2F6-1C9FF4204379}.Debug|Any CPU.Build.0 = Debug|Any CPU
		{A8998A17-5655-44A7-A2F6-1C9FF4204379}.Release|Any CPU.ActiveCfg = Release|Any CPU
		{A8998A17-5655-44A7-A2F6-1C9FF4204379}.Release|Any CPU.Build.0 = Release|Any CPU
		{479A0F4E-79BB-4362-8923-11F02344C758}.Debug|Any CPU.ActiveCfg = Debug|Any CPU
		{479A0F4E-79BB-4362-8923-11F02344C758}.Debug|Any CPU.Build.0 = Debug|Any CPU
		{479A0F4E-79BB-4362-8923-11F02344C758}.Release|Any CPU.ActiveCfg = Release|Any CPU
		{479A0F4E-79BB-4362-8923-11F02344C758}.Release|Any CPU.Build.0 = Release|Any CPU
		{BF363E18-D703-435C-A37F-9A0EA7F071F2}.Debug|Any CPU.ActiveCfg = Debug|Any CPU
		{BF363E18-D703-435C-A37F-9A0EA7F071F2}.Debug|Any CPU.Build.0 = Debug|Any CPU
		{BF363E18-D703-435C-A37F-9A0EA7F071F2}.Release|Any CPU.ActiveCfg = Release|Any CPU
		{BF363E18-D703-435C-A37F-9A0EA7F071F2}.Release|Any CPU.Build.0 = Release|Any CPU
	EndGlobalSection
	GlobalSection(SolutionProperties) = preSolution
		HideSolutionNode = FALSE
	EndGlobalSection
	GlobalSection(ExtensibilityGlobals) = postSolution
		SolutionGuid = {2A955A4C-CDA6-4D82-84B3-592FC4B94554}
	EndGlobalSection
EndGlobal
